{
  "nodes": {
    "nixpkgs": {
      "locked": {
        "lastModified": 1703593277,
        "narHash": "sha256-5T5ZfRh09QlR8JT9p6n2H71giu9Kr0F2XeqEMkG6d3k=",
        "owner": "NixOS",
        "repo": "nixpkgs",
        "rev": "abaa6727f39fbfbf700a038e06eaa644559c4446",
        "type": "github"
      },
      "original": {
        "owner": "NixOS",
        "repo": "nixpkgs",
        "type": "github"
      }
    },
    "root": {
      "inputs": {
        "nixpkgs": "nixpkgs"
      }
    }
  },
  "root": "root",
  "version": 7
}
