{
  "nodes": {
    "nixpkgs": {
      "locked": {
        "lastModified": 1703593125,
        "narHash": "sha256-V0Ks/cUZUW/6jez0lzIzZRtbxfMqd5bkqYc1srBZkwE=",
        "owner": "NixOS",
        "repo": "nixpkgs",
        "rev": "032011d487fbecea2cf693d585799210374d4de7",
        "type": "github"
      },
      "original": {
        "owner": "NixOS",
        "repo": "nixpkgs",
        "type": "github"
      }
    },
    "root": {
      "inputs": {
        "nixpkgs": "nixpkgs"
      }
    }
  },
  "root": "root",
  "version": 7
}
